
Microsoft Visual Studio Solution File, Format Version 11.00
# Visual Studio 2010
Project("{FAE04EC0-301F-11D3-BF4B-00C04F79EFBC}") = "Assembly-CSharp", "Assembly-CSharp.csproj", "{f44c0559-9485-2cf5-1ad8-531c5d621e39}"
EndProject
Global
	GlobalSection(SolutionConfigurationPlatforms) = preSolution
		Debug|Any CPU = Debug|Any CPU
		Release|Any CPU = Release|Any CPU
	EndGlobalSection
	GlobalSection(ProjectConfigurationPlatforms) = postSolution
		{f44c0559-9485-2cf5-1ad8-531c5d621e39}.Debug|Any CPU.ActiveCfg = Debug|Any CPU
		{f44c0559-9485-2cf5-1ad8-531c5d621e39}.Debug|Any CPU.Build.0 = Debug|Any CPU
		{f44c0559-9485-2cf5-1ad8-531c5d621e39}.Release|Any CPU.ActiveCfg = Release|Any CPU
		{f44c0559-9485-2cf5-1ad8-531c5d621e39}.Release|Any CPU.Build.0 = Release|Any CPU
	EndGlobalSection
	GlobalSection(SolutionProperties) = preSolution
		HideSolutionNode = FALSE
	EndGlobalSection
EndGlobal
